
Microsoft Visual Studio Solution File, Format Version 10.00
# Visual Studio 2008
Project("{8BC9CEB8-8B4A-11D0-8D11-00A0C91BC942}") = "raytrace", "raytrace\raytrace.vcproj", "{F25FF296-3A5C-4DAC-885B-2AF21A298898}"
EndProject
Global
	GlobalSection(SolutionConfigurationPlatforms) = preSolution
		Debug|Win32 = Debug|Win32
		Release|Win32 = Release|Win32
	EndGlobalSection
	GlobalSection(ProjectConfigurationPlatforms) = postSolution
		{F25FF296-3A5C-4DAC-885B-2AF21A298898}.Debug|Win32.ActiveCfg = Debug|Win32
		{F25FF296-3A5C-4DAC-885B-2AF21A298898}.Debug|Win32.Build.0 = Debug|Win32
		{F25FF296-3A5C-4DAC-885B-2AF21A298898}.Release|Win32.ActiveCfg = Release|Win32
		{F25FF296-3A5C-4DAC-885B-2AF21A298898}.Release|Win32.Build.0 = Release|Win32
	EndGlobalSection
	GlobalSection(SolutionProperties) = preSolution
		HideSolutionNode = FALSE
	EndGlobalSection
EndGlobal
